
Microsoft Visual Studio Solution File, Format Version 12.00
# Visual Studio 15
VisualStudioVersion = 15.0.28307.168
MinimumVisualStudioVersion = 10.0.40219.1
Project("{FAE04EC0-301F-11D3-BF4B-00C04F79EFBC}") = "WebApi", "WebApi\WebApi.csproj", "{6AC34BFD-3EE7-441F-940E-F5E993C17E6E}"
EndProject
Global
	GlobalSection(SolutionConfigurationPlatforms) = preSolution
		Debug|Any CPU = Debug|Any CPU
		Release|Any CPU = Release|Any CPU
	EndGlobalSection
	GlobalSection(ProjectConfigurationPlatforms) = postSolution
		{6AC34BFD-3EE7-441F-940E-F5E993C17E6E}.Debug|Any CPU.ActiveCfg = Debug|Any CPU
		{6AC34BFD-3EE7-441F-940E-F5E993C17E6E}.Debug|Any CPU.Build.0 = Debug|Any CPU
		{6AC34BFD-3EE7-441F-940E-F5E993C17E6E}.Release|Any CPU.ActiveCfg = Release|Any CPU
		{6AC34BFD-3EE7-441F-940E-F5E993C17E6E}.Release|Any CPU.Build.0 = Release|Any CPU
	EndGlobalSection
	GlobalSection(SolutionProperties) = preSolution
		HideSolutionNode = FALSE
	EndGlobalSection
	GlobalSection(ExtensibilityGlobals) = postSolution
		SolutionGuid = {19230E3C-F60C-4D93-98F8-B20A0206963B}
	EndGlobalSection
EndGlobal
