
Microsoft Visual Studio Solution File, Format Version 12.00
# Visual Studio 15
VisualStudioVersion = 15.0.28307.168
MinimumVisualStudioVersion = 10.0.40219.1
Project("{9A19103F-16F7-4668-BE54-9A1E7A4F7556}") = "WebApi", "WebApi\WebApi.csproj", "{6AC34BFD-3EE7-441F-940E-F5E993C17E6E}"
EndProject
Project("{9A19103F-16F7-4668-BE54-9A1E7A4F7556}") = "WebApi.UnitTest", "Core.UnitTest\WebApi.UnitTest.csproj", "{689D9448-30D9-4A2F-AC12-2A3E61A86FF0}"
EndProject
Project("{9A19103F-16F7-4668-BE54-9A1E7A4F7556}") = "Core", "Core\Core.csproj", "{C1A61FE6-1AF8-4D26-8631-28B46C91B968}"
EndProject
Project("{9A19103F-16F7-4668-BE54-9A1E7A4F7556}") = "WebClient", "WebClient\WebClient.csproj", "{3FB5465A-B304-4055-8D9B-5A2B6B5207B0}"
EndProject
Global
	GlobalSection(SolutionConfigurationPlatforms) = preSolution
		Debug|Any CPU = Debug|Any CPU
		Release|Any CPU = Release|Any CPU
	EndGlobalSection
	GlobalSection(ProjectConfigurationPlatforms) = postSolution
		{6AC34BFD-3EE7-441F-940E-F5E993C17E6E}.Debug|Any CPU.ActiveCfg = Debug|Any CPU
		{6AC34BFD-3EE7-441F-940E-F5E993C17E6E}.Debug|Any CPU.Build.0 = Debug|Any CPU
		{6AC34BFD-3EE7-441F-940E-F5E993C17E6E}.Release|Any CPU.ActiveCfg = Release|Any CPU
		{6AC34BFD-3EE7-441F-940E-F5E993C17E6E}.Release|Any CPU.Build.0 = Release|Any CPU
		{689D9448-30D9-4A2F-AC12-2A3E61A86FF0}.Debug|Any CPU.ActiveCfg = Debug|Any CPU
		{689D9448-30D9-4A2F-AC12-2A3E61A86FF0}.Debug|Any CPU.Build.0 = Debug|Any CPU
		{689D9448-30D9-4A2F-AC12-2A3E61A86FF0}.Release|Any CPU.ActiveCfg = Release|Any CPU
		{689D9448-30D9-4A2F-AC12-2A3E61A86FF0}.Release|Any CPU.Build.0 = Release|Any CPU
		{C1A61FE6-1AF8-4D26-8631-28B46C91B968}.Debug|Any CPU.ActiveCfg = Debug|Any CPU
		{C1A61FE6-1AF8-4D26-8631-28B46C91B968}.Debug|Any CPU.Build.0 = Debug|Any CPU
		{C1A61FE6-1AF8-4D26-8631-28B46C91B968}.Release|Any CPU.ActiveCfg = Release|Any CPU
		{C1A61FE6-1AF8-4D26-8631-28B46C91B968}.Release|Any CPU.Build.0 = Release|Any CPU
		{3FB5465A-B304-4055-8D9B-5A2B6B5207B0}.Debug|Any CPU.ActiveCfg = Debug|Any CPU
		{3FB5465A-B304-4055-8D9B-5A2B6B5207B0}.Debug|Any CPU.Build.0 = Debug|Any CPU
		{3FB5465A-B304-4055-8D9B-5A2B6B5207B0}.Release|Any CPU.ActiveCfg = Release|Any CPU
		{3FB5465A-B304-4055-8D9B-5A2B6B5207B0}.Release|Any CPU.Build.0 = Release|Any CPU
	EndGlobalSection
	GlobalSection(SolutionProperties) = preSolution
		HideSolutionNode = FALSE
	EndGlobalSection
	GlobalSection(ExtensibilityGlobals) = postSolution
		SolutionGuid = {19230E3C-F60C-4D93-98F8-B20A0206963B}
	EndGlobalSection
EndGlobal
